
Microsoft Visual Studio Solution File, Format Version 12.00
# Visual Studio Version 17
VisualStudioVersion = 17.6.33815.320
MinimumVisualStudioVersion = 10.0.40219.1
Project("{FAE04EC0-301F-11D3-BF4B-00C04F79EFBC}") = "systemPV", "systemPV.csproj", "{08ACF97E-6D70-47C1-A4F4-9E0C5F9939D8}"
EndProject
Global
	GlobalSection(SolutionConfigurationPlatforms) = preSolution
		Debug|Any CPU = Debug|Any CPU
		Release|Any CPU = Release|Any CPU
	EndGlobalSection
	GlobalSection(ProjectConfigurationPlatforms) = postSolution
		{08ACF97E-6D70-47C1-A4F4-9E0C5F9939D8}.Debug|Any CPU.ActiveCfg = Debug|Any CPU
		{08ACF97E-6D70-47C1-A4F4-9E0C5F9939D8}.Debug|Any CPU.Build.0 = Debug|Any CPU
		{08ACF97E-6D70-47C1-A4F4-9E0C5F9939D8}.Release|Any CPU.ActiveCfg = Release|Any CPU
		{08ACF97E-6D70-47C1-A4F4-9E0C5F9939D8}.Release|Any CPU.Build.0 = Release|Any CPU
	EndGlobalSection
	GlobalSection(SolutionProperties) = preSolution
		HideSolutionNode = FALSE
	EndGlobalSection
	GlobalSection(ExtensibilityGlobals) = postSolution
		SolutionGuid = {EDD4884F-A4DB-413F-BF30-FF37DD12E100}
	EndGlobalSection
EndGlobal
